
Microsoft Visual Studio Solution File, Format Version 12.00
# Visual Studio 15
VisualStudioVersion = 15.0.27130.2010
MinimumVisualStudioVersion = 10.0.40219.1
Project("{FAE04EC0-301F-11D3-BF4B-00C04F79EFBC}") = "局部网扫描", "局部网扫描\局部网扫描.csproj", "{FA70DC4C-A71F-46DD-91FA-DF4B8E1D84D7}"
EndProject
Global
	GlobalSection(SolutionConfigurationPlatforms) = preSolution
		Debug|Any CPU = Debug|Any CPU
		Release|Any CPU = Release|Any CPU
	EndGlobalSection
	GlobalSection(ProjectConfigurationPlatforms) = postSolution
		{FA70DC4C-A71F-46DD-91FA-DF4B8E1D84D7}.Debug|Any CPU.ActiveCfg = Debug|Any CPU
		{FA70DC4C-A71F-46DD-91FA-DF4B8E1D84D7}.Debug|Any CPU.Build.0 = Debug|Any CPU
		{FA70DC4C-A71F-46DD-91FA-DF4B8E1D84D7}.Release|Any CPU.ActiveCfg = Release|Any CPU
		{FA70DC4C-A71F-46DD-91FA-DF4B8E1D84D7}.Release|Any CPU.Build.0 = Release|Any CPU
	EndGlobalSection
	GlobalSection(SolutionProperties) = preSolution
		HideSolutionNode = FALSE
	EndGlobalSection
	GlobalSection(ExtensibilityGlobals) = postSolution
		SolutionGuid = {3E568887-0701-41E7-B224-B342429F57EA}
	EndGlobalSection
EndGlobal
